
Microsoft Visual Studio Solution File, Format Version 12.00
# Visual Studio Version 17
VisualStudioVersion = 17.14.37027.9
MinimumVisualStudioVersion = 10.0.40219.1
Project("{FAE04EC0-301F-11D3-BF4B-00C04F79EFBC}") = "Demo", "Demo\Demo.csproj", "{700504B5-2AC6-479B-9EB4-4B55F2F0D28B}"
EndProject
Project("{2150E333-8FDC-42A3-9474-1A3956D46DE8}") = "Solution Items", "Solution Items", "{8EC462FD-D22E-90A8-E5CE-7E832BA40C5D}"
EndProject
Project("{FAE04EC0-301F-11D3-BF4B-00C04F79EFBC}") = "Scenarios", "Scenarios\Scenarios.csproj", "{BA1E809F-4E05-4E07-923D-2933448C9F2E}"
EndProject
Project("{FAE04EC0-301F-11D3-BF4B-00C04F79EFBC}") = "Common.IO", "..\..\Common\Common.IO\Common.IO.csproj", "{1EC83800-1654-D6B8-385B-AECFFED311B3}"
EndProject
Project("{FAE04EC0-301F-11D3-BF4B-00C04F79EFBC}") = "Common.Diagnostics", "..\..\Common\Common.Diagnostics\Common.Diagnostics.csproj", "{D95CC45B-C99F-A0C6-222B-18D26BDA25E4}"
EndProject
Project("{FAE04EC0-301F-11D3-BF4B-00C04F79EFBC}") = "Samples", "..\..\Samples\Samples.csproj", "{7E784046-F80F-710A-A326-F9B4E87FC6BB}"
EndProject
Project("{FAE04EC0-301F-11D3-BF4B-00C04F79EFBC}") = "Serialization", "..\..\Modules\Serialization\Serialization.csproj", "{7AD0E136-406F-14DB-E6E0-D5E373261CE9}"
EndProject
Project("{FAE04EC0-301F-11D3-BF4B-00C04F79EFBC}") = "FileReading.Common", "..\..\Modules\FileReading\FileReading.Common\FileReading.Common.csproj", "{8D001F4F-7497-2615-C1BB-91D499F3E79B}"
EndProject
Project("{FAE04EC0-301F-11D3-BF4B-00C04F79EFBC}") = "FileReading.Concurrent", "..\..\Modules\FileReading\FileReading.Concurrent\FileReading.Concurrent.csproj", "{5F248F7A-9137-A395-42E8-1D9460BC9E37}"
EndProject
Global
	GlobalSection(SolutionConfigurationPlatforms) = preSolution
		Debug|Any CPU = Debug|Any CPU
		Release|Any CPU = Release|Any CPU
	EndGlobalSection
	GlobalSection(ProjectConfigurationPlatforms) = postSolution
		{700504B5-2AC6-479B-9EB4-4B55F2F0D28B}.Debug|Any CPU.ActiveCfg = Debug|Any CPU
		{700504B5-2AC6-479B-9EB4-4B55F2F0D28B}.Debug|Any CPU.Build.0 = Debug|Any CPU
		{700504B5-2AC6-479B-9EB4-4B55F2F0D28B}.Release|Any CPU.ActiveCfg = Release|Any CPU
		{700504B5-2AC6-479B-9EB4-4B55F2F0D28B}.Release|Any CPU.Build.0 = Release|Any CPU
		{BA1E809F-4E05-4E07-923D-2933448C9F2E}.Debug|Any CPU.ActiveCfg = Debug|Any CPU
		{BA1E809F-4E05-4E07-923D-2933448C9F2E}.Debug|Any CPU.Build.0 = Debug|Any CPU
		{BA1E809F-4E05-4E07-923D-2933448C9F2E}.Release|Any CPU.ActiveCfg = Release|Any CPU
		{BA1E809F-4E05-4E07-923D-2933448C9F2E}.Release|Any CPU.Build.0 = Release|Any CPU
		{1EC83800-1654-D6B8-385B-AECFFED311B3}.Debug|Any CPU.ActiveCfg = Debug|Any CPU
		{1EC83800-1654-D6B8-385B-AECFFED311B3}.Debug|Any CPU.Build.0 = Debug|Any CPU
		{1EC83800-1654-D6B8-385B-AECFFED311B3}.Release|Any CPU.ActiveCfg = Release|Any CPU
		{1EC83800-1654-D6B8-385B-AECFFED311B3}.Release|Any CPU.Build.0 = Release|Any CPU
		{D95CC45B-C99F-A0C6-222B-18D26BDA25E4}.Debug|Any CPU.ActiveCfg = Debug|Any CPU
		{D95CC45B-C99F-A0C6-222B-18D26BDA25E4}.Debug|Any CPU.Build.0 = Debug|Any CPU
		{D95CC45B-C99F-A0C6-222B-18D26BDA25E4}.Release|Any CPU.ActiveCfg = Release|Any CPU
		{D95CC45B-C99F-A0C6-222B-18D26BDA25E4}.Release|Any CPU.Build.0 = Release|Any CPU
		{7E784046-F80F-710A-A326-F9B4E87FC6BB}.Debug|Any CPU.ActiveCfg = Debug|Any CPU
		{7E784046-F80F-710A-A326-F9B4E87FC6BB}.Debug|Any CPU.Build.0 = Debug|Any CPU
		{7E784046-F80F-710A-A326-F9B4E87FC6BB}.Release|Any CPU.ActiveCfg = Release|Any CPU
		{7E784046-F80F-710A-A326-F9B4E87FC6BB}.Release|Any CPU.Build.0 = Release|Any CPU
		{7AD0E136-406F-14DB-E6E0-D5E373261CE9}.Debug|Any CPU.ActiveCfg = Debug|Any CPU
		{7AD0E136-406F-14DB-E6E0-D5E373261CE9}.Debug|Any CPU.Build.0 = Debug|Any CPU
		{7AD0E136-406F-14DB-E6E0-D5E373261CE9}.Release|Any CPU.ActiveCfg = Release|Any CPU
		{7AD0E136-406F-14DB-E6E0-D5E373261CE9}.Release|Any CPU.Build.0 = Release|Any CPU
		{8D001F4F-7497-2615-C1BB-91D499F3E79B}.Debug|Any CPU.ActiveCfg = Debug|Any CPU
		{8D001F4F-7497-2615-C1BB-91D499F3E79B}.Debug|Any CPU.Build.0 = Debug|Any CPU
		{8D001F4F-7497-2615-C1BB-91D499F3E79B}.Release|Any CPU.ActiveCfg = Release|Any CPU
		{8D001F4F-7497-2615-C1BB-91D499F3E79B}.Release|Any CPU.Build.0 = Release|Any CPU
		{5F248F7A-9137-A395-42E8-1D9460BC9E37}.Debug|Any CPU.ActiveCfg = Debug|Any CPU
		{5F248F7A-9137-A395-42E8-1D9460BC9E37}.Debug|Any CPU.Build.0 = Debug|Any CPU
		{5F248F7A-9137-A395-42E8-1D9460BC9E37}.Release|Any CPU.ActiveCfg = Release|Any CPU
		{5F248F7A-9137-A395-42E8-1D9460BC9E37}.Release|Any CPU.Build.0 = Release|Any CPU
	EndGlobalSection
	GlobalSection(SolutionProperties) = preSolution
		HideSolutionNode = FALSE
	EndGlobalSection
	GlobalSection(ExtensibilityGlobals) = postSolution
		SolutionGuid = {CFE63013-B7D7-4C6B-9A0C-A7FF257F74F0}
	EndGlobalSection
EndGlobal
