
Microsoft Visual Studio Solution File, Format Version 12.00
# Visual Studio Version 17
VisualStudioVersion = 17.14.36930.0
MinimumVisualStudioVersion = 10.0.40219.1
Project("{FAE04EC0-301F-11D3-BF4B-00C04F79EFBC}") = "InteractiveMethodInvocation", "InteractiveMethodInvocation\InteractiveMethodInvocation.csproj", "{FC64E474-727C-4B69-8F88-0D5170CA2FDA}"
EndProject
Project("{FAE04EC0-301F-11D3-BF4B-00C04F79EFBC}") = "Demo", "Demo\Demo.csproj", "{95A80864-5090-42F1-B1B6-064825B09947}"
EndProject
Project("{FAE04EC0-301F-11D3-BF4B-00C04F79EFBC}") = "CarLibrary", "..\Shared\CarLibrary\CarLibrary.csproj", "{FB8C1A56-1344-6357-287E-A15BD23EF64B}"
EndProject
Project("{FAE04EC0-301F-11D3-BF4B-00C04F79EFBC}") = "ReflectionService", "..\Shared\ReflectionService\ReflectionService.csproj", "{C31EA737-F72F-3EE6-9194-D0DAF7472648}"
EndProject
Project("{FAE04EC0-301F-11D3-BF4B-00C04F79EFBC}") = "CarCreation", "CarCreation\CarCreation.csproj", "{0A77D8A4-AF83-78A5-F25D-149B723A1539}"
EndProject
Project("{FAE04EC0-301F-11D3-BF4B-00C04F79EFBC}") = "CarMetadataViewer", "CarMetadataViewer\CarMetadataViewer.csproj", "{F6F58E83-4AEB-23AB-4AC1-4643AB66D09F}"
EndProject
Global
	GlobalSection(SolutionConfigurationPlatforms) = preSolution
		Debug|Any CPU = Debug|Any CPU
		Release|Any CPU = Release|Any CPU
	EndGlobalSection
	GlobalSection(ProjectConfigurationPlatforms) = postSolution
		{FC64E474-727C-4B69-8F88-0D5170CA2FDA}.Debug|Any CPU.ActiveCfg = Debug|Any CPU
		{FC64E474-727C-4B69-8F88-0D5170CA2FDA}.Debug|Any CPU.Build.0 = Debug|Any CPU
		{FC64E474-727C-4B69-8F88-0D5170CA2FDA}.Release|Any CPU.ActiveCfg = Release|Any CPU
		{FC64E474-727C-4B69-8F88-0D5170CA2FDA}.Release|Any CPU.Build.0 = Release|Any CPU
		{95A80864-5090-42F1-B1B6-064825B09947}.Debug|Any CPU.ActiveCfg = Debug|Any CPU
		{95A80864-5090-42F1-B1B6-064825B09947}.Debug|Any CPU.Build.0 = Debug|Any CPU
		{95A80864-5090-42F1-B1B6-064825B09947}.Release|Any CPU.ActiveCfg = Release|Any CPU
		{95A80864-5090-42F1-B1B6-064825B09947}.Release|Any CPU.Build.0 = Release|Any CPU
		{FB8C1A56-1344-6357-287E-A15BD23EF64B}.Debug|Any CPU.ActiveCfg = Debug|Any CPU
		{FB8C1A56-1344-6357-287E-A15BD23EF64B}.Debug|Any CPU.Build.0 = Debug|Any CPU
		{FB8C1A56-1344-6357-287E-A15BD23EF64B}.Release|Any CPU.ActiveCfg = Release|Any CPU
		{FB8C1A56-1344-6357-287E-A15BD23EF64B}.Release|Any CPU.Build.0 = Release|Any CPU
		{C31EA737-F72F-3EE6-9194-D0DAF7472648}.Debug|Any CPU.ActiveCfg = Debug|Any CPU
		{C31EA737-F72F-3EE6-9194-D0DAF7472648}.Debug|Any CPU.Build.0 = Debug|Any CPU
		{C31EA737-F72F-3EE6-9194-D0DAF7472648}.Release|Any CPU.ActiveCfg = Release|Any CPU
		{C31EA737-F72F-3EE6-9194-D0DAF7472648}.Release|Any CPU.Build.0 = Release|Any CPU
		{0A77D8A4-AF83-78A5-F25D-149B723A1539}.Debug|Any CPU.ActiveCfg = Debug|Any CPU
		{0A77D8A4-AF83-78A5-F25D-149B723A1539}.Debug|Any CPU.Build.0 = Debug|Any CPU
		{0A77D8A4-AF83-78A5-F25D-149B723A1539}.Release|Any CPU.ActiveCfg = Release|Any CPU
		{0A77D8A4-AF83-78A5-F25D-149B723A1539}.Release|Any CPU.Build.0 = Release|Any CPU
		{F6F58E83-4AEB-23AB-4AC1-4643AB66D09F}.Debug|Any CPU.ActiveCfg = Debug|Any CPU
		{F6F58E83-4AEB-23AB-4AC1-4643AB66D09F}.Debug|Any CPU.Build.0 = Debug|Any CPU
		{F6F58E83-4AEB-23AB-4AC1-4643AB66D09F}.Release|Any CPU.ActiveCfg = Release|Any CPU
		{F6F58E83-4AEB-23AB-4AC1-4643AB66D09F}.Release|Any CPU.Build.0 = Release|Any CPU
	EndGlobalSection
	GlobalSection(SolutionProperties) = preSolution
		HideSolutionNode = FALSE
	EndGlobalSection
	GlobalSection(ExtensibilityGlobals) = postSolution
		SolutionGuid = {5642EF89-9C0A-48A9-970F-522B64513632}
	EndGlobalSection
EndGlobal
