
Microsoft Visual Studio Solution File, Format Version 12.00
# Visual Studio Version 17
VisualStudioVersion = 17.14.37027.9 d17.14
MinimumVisualStudioVersion = 10.0.40219.1
Project("{FAE04EC0-301F-11D3-BF4B-00C04F79EFBC}") = "SerializationService", "CarLibrary\SerializationService.csproj", "{4047F9E0-65AE-4439-982F-91C7FB11E974}"
EndProject
Project("{FAE04EC0-301F-11D3-BF4B-00C04F79EFBC}") = "Task2.CarLibrary", "..\Hometask1\CarLibrary\Task2.CarLibrary.csproj", "{D2C2FE5A-0F8A-374B-2A26-B38D790AA2B9}"
EndProject
Project("{FAE04EC0-301F-11D3-BF4B-00C04F79EFBC}") = "Task1.ConsoleMenu", "Task1.ConsoleMenu\Task1.ConsoleMenu.csproj", "{380A296F-EE76-4F64-B714-19DF108255CF}"
EndProject
Global
	GlobalSection(SolutionConfigurationPlatforms) = preSolution
		Debug|Any CPU = Debug|Any CPU
		Release|Any CPU = Release|Any CPU
	EndGlobalSection
	GlobalSection(ProjectConfigurationPlatforms) = postSolution
		{4047F9E0-65AE-4439-982F-91C7FB11E974}.Debug|Any CPU.ActiveCfg = Debug|Any CPU
		{4047F9E0-65AE-4439-982F-91C7FB11E974}.Debug|Any CPU.Build.0 = Debug|Any CPU
		{4047F9E0-65AE-4439-982F-91C7FB11E974}.Release|Any CPU.ActiveCfg = Release|Any CPU
		{4047F9E0-65AE-4439-982F-91C7FB11E974}.Release|Any CPU.Build.0 = Release|Any CPU
		{D2C2FE5A-0F8A-374B-2A26-B38D790AA2B9}.Debug|Any CPU.ActiveCfg = Debug|Any CPU
		{D2C2FE5A-0F8A-374B-2A26-B38D790AA2B9}.Debug|Any CPU.Build.0 = Debug|Any CPU
		{D2C2FE5A-0F8A-374B-2A26-B38D790AA2B9}.Release|Any CPU.ActiveCfg = Release|Any CPU
		{D2C2FE5A-0F8A-374B-2A26-B38D790AA2B9}.Release|Any CPU.Build.0 = Release|Any CPU
		{380A296F-EE76-4F64-B714-19DF108255CF}.Debug|Any CPU.ActiveCfg = Debug|Any CPU
		{380A296F-EE76-4F64-B714-19DF108255CF}.Debug|Any CPU.Build.0 = Debug|Any CPU
		{380A296F-EE76-4F64-B714-19DF108255CF}.Release|Any CPU.ActiveCfg = Release|Any CPU
		{380A296F-EE76-4F64-B714-19DF108255CF}.Release|Any CPU.Build.0 = Release|Any CPU
	EndGlobalSection
	GlobalSection(SolutionProperties) = preSolution
		HideSolutionNode = FALSE
	EndGlobalSection
	GlobalSection(ExtensibilityGlobals) = postSolution
		SolutionGuid = {7F367260-42D9-4A8B-8C2D-6E0A5BC014DC}
	EndGlobalSection
EndGlobal
