
Microsoft Visual Studio Solution File, Format Version 12.00
# Visual Studio Version 17
VisualStudioVersion = 17.14.37027.9
MinimumVisualStudioVersion = 10.0.40219.1
Project("{FAE04EC0-301F-11D3-BF4B-00C04F79EFBC}") = "CarLibrary", "..\Shared\CarLibrary\CarLibrary.csproj", "{FB8C1A56-1344-6357-287E-A15BD23EF64B}"
EndProject
Project("{FAE04EC0-301F-11D3-BF4B-00C04F79EFBC}") = "ConsoleMenu", "ConsoleMenu\ConsoleMenu.csproj", "{E9CEEE9C-C758-EE9F-C2E0-9132BF053037}"
EndProject
Project("{FAE04EC0-301F-11D3-BF4B-00C04F79EFBC}") = "SerializationService", "..\Shared\SerializationService\SerializationService.csproj", "{7EABE361-E25E-3D29-F564-E1F62740DA59}"
EndProject
Global
	GlobalSection(SolutionConfigurationPlatforms) = preSolution
		Debug|Any CPU = Debug|Any CPU
		Release|Any CPU = Release|Any CPU
	EndGlobalSection
	GlobalSection(ProjectConfigurationPlatforms) = postSolution
		{FB8C1A56-1344-6357-287E-A15BD23EF64B}.Debug|Any CPU.ActiveCfg = Debug|Any CPU
		{FB8C1A56-1344-6357-287E-A15BD23EF64B}.Debug|Any CPU.Build.0 = Debug|Any CPU
		{FB8C1A56-1344-6357-287E-A15BD23EF64B}.Release|Any CPU.ActiveCfg = Release|Any CPU
		{FB8C1A56-1344-6357-287E-A15BD23EF64B}.Release|Any CPU.Build.0 = Release|Any CPU
		{E9CEEE9C-C758-EE9F-C2E0-9132BF053037}.Debug|Any CPU.ActiveCfg = Debug|Any CPU
		{E9CEEE9C-C758-EE9F-C2E0-9132BF053037}.Debug|Any CPU.Build.0 = Debug|Any CPU
		{E9CEEE9C-C758-EE9F-C2E0-9132BF053037}.Release|Any CPU.ActiveCfg = Release|Any CPU
		{E9CEEE9C-C758-EE9F-C2E0-9132BF053037}.Release|Any CPU.Build.0 = Release|Any CPU
		{7EABE361-E25E-3D29-F564-E1F62740DA59}.Debug|Any CPU.ActiveCfg = Debug|Any CPU
		{7EABE361-E25E-3D29-F564-E1F62740DA59}.Debug|Any CPU.Build.0 = Debug|Any CPU
		{7EABE361-E25E-3D29-F564-E1F62740DA59}.Release|Any CPU.ActiveCfg = Release|Any CPU
		{7EABE361-E25E-3D29-F564-E1F62740DA59}.Release|Any CPU.Build.0 = Release|Any CPU
	EndGlobalSection
	GlobalSection(SolutionProperties) = preSolution
		HideSolutionNode = FALSE
	EndGlobalSection
	GlobalSection(ExtensibilityGlobals) = postSolution
		SolutionGuid = {7F367260-42D9-4A8B-8C2D-6E0A5BC014DC}
	EndGlobalSection
EndGlobal
